
Microsoft Visual Studio Solution File, Format Version 12.00
# Visual Studio Version 16
VisualStudioVersion = 16.0.29920.165
MinimumVisualStudioVersion = 10.0.40219.1
Project("{FAE04EC0-301F-11D3-BF4B-00C04F79EFBC}") = "pryBiblioteca", "pryBiblioteca\pryBiblioteca.csproj", "{6489B253-7B4C-4F20-830B-E99ECBE9399C}"
EndProject
Project("{FAE04EC0-301F-11D3-BF4B-00C04F79EFBC}") = "BEUBiblioteca", "BEUBiblioteca\BEUBiblioteca.csproj", "{2F471ECA-A3A0-4FB7-BBE3-271D8DA19ABE}"
EndProject
Global
	GlobalSection(SolutionConfigurationPlatforms) = preSolution
		Debug|Any CPU = Debug|Any CPU
		Release|Any CPU = Release|Any CPU
	EndGlobalSection
	GlobalSection(ProjectConfigurationPlatforms) = postSolution
		{6489B253-7B4C-4F20-830B-E99ECBE9399C}.Debug|Any CPU.ActiveCfg = Debug|Any CPU
		{6489B253-7B4C-4F20-830B-E99ECBE9399C}.Debug|Any CPU.Build.0 = Debug|Any CPU
		{6489B253-7B4C-4F20-830B-E99ECBE9399C}.Release|Any CPU.ActiveCfg = Release|Any CPU
		{6489B253-7B4C-4F20-830B-E99ECBE9399C}.Release|Any CPU.Build.0 = Release|Any CPU
		{2F471ECA-A3A0-4FB7-BBE3-271D8DA19ABE}.Debug|Any CPU.ActiveCfg = Debug|Any CPU
		{2F471ECA-A3A0-4FB7-BBE3-271D8DA19ABE}.Debug|Any CPU.Build.0 = Debug|Any CPU
		{2F471ECA-A3A0-4FB7-BBE3-271D8DA19ABE}.Release|Any CPU.ActiveCfg = Release|Any CPU
		{2F471ECA-A3A0-4FB7-BBE3-271D8DA19ABE}.Release|Any CPU.Build.0 = Release|Any CPU
	EndGlobalSection
	GlobalSection(SolutionProperties) = preSolution
		HideSolutionNode = FALSE
	EndGlobalSection
	GlobalSection(ExtensibilityGlobals) = postSolution
		SolutionGuid = {CDDB5D26-63F2-447A-B134-700F9CB0F3EE}
	EndGlobalSection
EndGlobal
